// !$*UTF8*$!
{
	archiveVersion = 1;
	classes = {
	};
	objectVersion = 50;
	objects = {

/* Begin PBXBuildFile section */
		77E0E6EF2A86735D006C7032 /* AppDelegate.swift in Sources */ = {isa = PBXBuildFile; fileRef = 77E0E6EE2A86735D006C7032 /* AppDelegate.swift */; };
		77E0E6F12A86735D006C7032 /* SceneDelegate.swift in Sources */ = {isa = PBXBuildFile; fileRef = 77E0E6F02A86735D006C7032 /* SceneDelegate.swift */; };
		77E0E6F32A86735D006C7032 /* ViewController.swift in Sources */ = {isa = PBXBuildFile; fileRef = 77E0E6F22A86735D006C7032 /* ViewController.swift */; };
		77E0E6F62A86735D006C7032 /* Main.storyboard in Resources */ = {isa = PBXBuildFile; fileRef = 77E0E6F42A86735D006C7032 /* Main.storyboard */; };
		77E0E6F92A86735D006C7032 /* Projekti_Mobile_2023.xcdatamodeld in Sources */ = {isa = PBXBuildFile; fileRef = 77E0E6F72A86735D006C7032 /* Projekti_Mobile_2023.xcdatamodeld */; };
		77E0E6FB2A867360006C7032 /* Assets.xcassets in Resources */ = {isa = PBXBuildFile; fileRef = 77E0E6FA2A867360006C7032 /* Assets.xcassets */; };
		77E0E6FE2A867360006C7032 /* LaunchScreen.storyboard in Resources */ = {isa = PBXBuildFile; fileRef = 77E0E6FC2A867360006C7032 /* LaunchScreen.storyboard */; };
/* End PBXBuildFile section */

/* Begin PBXFileReference section */
		77E0E6EB2A86735D006C7032 /* Projekti_Mobile_2023.app */ = {isa = PBXFileReference; explicitFileType = wrapper.application; includeInIndex = 0; path = Projekti_Mobile_2023.app; sourceTree = BUILT_PRODUCTS_DIR; };
		77E0E6EE2A86735D006C7032 /* AppDelegate.swift */ = {isa = PBXFileReference; lastKnownFileType = sourcecode.swift; path = AppDelegate.swift; sourceTree = "<group>"; };
		77E0E6F02A86735D006C7032 /* SceneDelegate.swift */ = {isa = PBXFileReference; lastKnownFileType = sourcecode.swift; path = SceneDelegate.swift; sourceTree = "<group>"; };
		77E0E6F22A86735D006C7032 /* ViewController.swift */ = {isa = PBXFileReference; lastKnownFileType = sourcecode.swift; path = ViewController.swift; sourceTree = "<group>"; };
		77E0E6F52A86735D006C7032 /* Base */ = {isa = PBXFileReference; lastKnownFileType = file.storyboard; name = Base; path = Base.lproj/Main.storyboard; sourceTree = "<group>"; };
		77E0E6F82A86735D006C7032 /* Projekti_Mobile_2023.xcdatamodel */ = {isa = PBXFileReference; lastKnownFileType = wrapper.xcdatamodel; path = Projekti_Mobile_2023.xcdatamodel; sourceTree = "<group>"; };
		77E0E6FA2A867360006C7032 /* Assets.xcassets */ = {isa = PBXFileReference; lastKnownFileType = folder.assetcatalog; path = Assets.xcassets; sourceTree = "<group>"; };
		77E0E6FD2A867360006C7032 /* Base */ = {isa = PBXFileReference; lastKnownFileType = file.storyboard; name = Base; path = Base.lproj/LaunchScreen.storyboard; sourceTree = "<group>"; };
		77E0E6FF2A867360006C7032 /* Info.plist */ = {isa = PBXFileReference; lastKnownFileType = text.plist.xml; path = Info.plist; sourceTree = "<group>"; };
/* End PBXFileReference section */

/* Begin PBXFrameworksBuildPhase section */
		77E0E6E82A86735D006C7032 /* Frameworks */ = {
			isa = PBXFrameworksBuildPhase;
			buildActionMask = 2147483647;
			files = (
			);
			runOnlyForDeploymentPostprocessing = 0;
		};
/* End PBXFrameworksBuildPhase section */

/* Begin PBXGroup section */
		77E0E6E22A86735D006C7032 = {
			isa = PBXGroup;
			children = (
				77E0E6ED2A86735D006C7032 /* Projekti_Mobile_2023 */,
				77E0E6EC2A86735D006C7032 /* Products */,
			);
			sourceTree = "<group>";
		};
		77E0E6EC2A86735D006C7032 /* Products */ = {
			isa = PBXGroup;
			children = (
				77E0E6EB2A86735D006C7032 /* Projekti_Mobile_2023.app */,
			);
			name = Products;
			sourceTree = "<group>";
		};
		77E0E6ED2A86735D006C7032 /* Projekti_Mobile_2023 */ = {
			isa = PBXGroup;
			children = (
				77E0E6EE2A86735D006C7032 /* AppDelegate.swift */,
				77E0E6F02A86735D006C7032 /* SceneDelegate.swift */,
				77E0E6F22A86735D006C7032 /* ViewController.swift */,
				77E0E6F42A86735D006C7032 /* Main.storyboard */,
				77E0E6FA2A867360006C7032 /* Assets.xcassets */,
				77E0E6FC2A867360006C7032 /* LaunchScreen.storyboard */,
				77E0E6FF2A867360006C7032 /* Info.plist */,
				77E0E6F72A86735D006C7032 /* Projekti_Mobile_2023.xcdatamodeld */,
			);
			path = Projekti_Mobile_2023;
			sourceTree = "<group>";
		};
/* End PBXGroup section */

/* Begin PBXNativeTarget section */
		77E0E6EA2A86735D006C7032 /* Projekti_Mobile_2023 */ = {
			isa = PBXNativeTarget;
			buildConfigurationList = 77E0E7022A867360006C7032 /* Build configuration list for PBXNativeTarget "Projekti_Mobile_2023" */;
			buildPhases = (
				77E0E6E72A86735D006C7032 /* Sources */,
				77E0E6E82A86735D006C7032 /* Frameworks */,
				77E0E6E92A86735D006C7032 /* Resources */,
			);
			buildRules = (
			);
			dependencies = (
			);
			name = Projekti_Mobile_2023;
			productName = Projekti_Mobile_2023;
			productReference = 77E0E6EB2A86735D006C7032 /* Projekti_Mobile_2023.app */;
			productType = "com.apple.product-type.application";
		};
/* End PBXNativeTarget section */

/* Begin PBXProject section */
		77E0E6E32A86735D006C7032 /* Project object */ = {
			isa = PBXProject;
			attributes = {
				LastSwiftUpdateCheck = 1250;
				LastUpgradeCheck = 1250;
				TargetAttributes = {
					77E0E6EA2A86735D006C7032 = {
						CreatedOnToolsVersion = 12.5.1;
					};
				};
			};
			buildConfigurationList = 77E0E6E62A86735D006C7032 /* Build configuration list for PBXProject "Projekti_Mobile_2023" */;
			compatibilityVersion = "Xcode 9.3";
			developmentRegion = en;
			hasScannedForEncodings = 0;
			knownRegions = (
				en,
				Base,
			);
			mainGroup = 77E0E6E22A86735D006C7032;
			productRefGroup = 77E0E6EC2A86735D006C7032 /* Products */;
			projectDirPath = "";
			projectRoot = "";
			targets = (
				77E0E6EA2A86735D006C7032 /* Projekti_Mobile_2023 */,
			);
		};
/* End PBXProject section */

/* Begin PBXResourcesBuildPhase section */
		77E0E6E92A86735D006C7032 /* Resources */ = {
			isa = PBXResourcesBuildPhase;
			buildActionMask = 2147483647;
			files = (
				77E0E6FE2A867360006C7032 /* LaunchScreen.storyboard in Resources */,
				77E0E6FB2A867360006C7032 /* Assets.xcassets in Resources */,
				77E0E6F62A86735D006C7032 /* Main.storyboard in Resources */,
			);
			runOnlyForDeploymentPostprocessing = 0;
		};
/* End PBXResourcesBuildPhase section */

/* Begin PBXSourcesBuildPhase section */
		77E0E6E72A86735D006C7032 /* Sources */ = {
			isa = PBXSourcesBuildPhase;
			buildActionMask = 2147483647;
			files = (
				77E0E6F32A86735D006C7032 /* ViewController.swift in Sources */,
				77E0E6EF2A86735D006C7032 /* AppDelegate.swift in Sources */,
				77E0E6F92A86735D006C7032 /* Projekti_Mobile_2023.xcdatamodeld in Sources */,
				77E0E6F12A86735D006C7032 /* SceneDelegate.swift in Sources */,
			);
			runOnlyForDeploymentPostprocessing = 0;
		};
/* End PBXSourcesBuildPhase section */

/* Begin PBXVariantGroup section */
		77E0E6F42A86735D006C7032 /* Main.storyboard */ = {
			isa = PBXVariantGroup;
			children = (
				77E0E6F52A86735D006C7032 /* Base */,
			);
			name = Main.storyboard;
			sourceTree = "<group>";
		};
		77E0E6FC2A867360006C7032 /* LaunchScreen.storyboard */ = {
			isa = PBXVariantGroup;
			children = (
				77E0E6FD2A867360006C7032 /* Base */,
			);
			name = LaunchScreen.storyboard;
			sourceTree = "<group>";
		};
/* End PBXVariantGroup section */

/* Begin XCBuildConfiguration section */
		77E0E7002A867360006C7032 /* Debug */ = {
			isa = XCBuildConfiguration;
			buildSettings = {
				ALWAYS_SEARCH_USER_PATHS = NO;
				CLANG_ANALYZER_NONNULL = YES;
				CLANG_ANALYZER_NUMBER_OBJECT_CONVERSION = YES_AGGRESSIVE;
				CLANG_CXX_LANGUAGE_STANDARD = "gnu++14";
				CLANG_CXX_LIBRARY = "libc++";
				CLANG_ENABLE_MODULES = YES;
				CLANG_ENABLE_OBJC_ARC = YES;
				CLANG_ENABLE_OBJC_WEAK = YES;
				CLANG_WARN_BLOCK_CAPTURE_AUTORELEASING = YES;
				CLANG_WARN_BOOL_CONVERSION = YES;
				CLANG_WARN_COMMA = YES;
				CLANG_WARN_CONSTANT_CONVERSION = YES;
				CLANG_WARN_DEPRECATED_OBJC_IMPLEMENTATIONS = YES;
				CLANG_WARN_DIRECT_OBJC_ISA_USAGE = YES_ERROR;
				CLANG_WARN_DOCUMENTATION_COMMENTS = YES;
				CLANG_WARN_EMPTY_BODY = YES;
				CLANG_WARN_ENUM_CONVERSION = YES;
				CLANG_WARN_INFINITE_RECURSION = YES;
				CLANG_WARN_INT_CONVERSION = YES;
				CLANG_WARN_NON_LITERAL_NULL_CONVERSION = YES;
				CLANG_WARN_OBJC_IMPLICIT_RETAIN_SELF = YES;
				CLANG_WARN_OBJC_LITERAL_CONVERSION = YES;
				CLANG_WARN_OBJC_ROOT_CLASS = YES_ERROR;
				CLANG_WARN_QUOTED_INCLUDE_IN_FRAMEWORK_HEADER = YES;
				CLANG_WARN_RANGE_LOOP_ANALYSIS = YES;
				CLANG_WARN_STRICT_PROTOTYPES = YES;
				CLANG_WARN_SUSPICIOUS_MOVE = YES;
				CLANG_WARN_UNGUARDED_AVAILABILITY = YES_AGGRESSIVE;
				CLANG_WARN_UNREACHABLE_CODE = YES;
				CLANG_WARN__DUPLICATE_METHOD_MATCH = YES;
				COPY_PHASE_STRIP = NO;
				DEBUG_INFORMATION_FORMAT = dwarf;
				ENABLE_STRICT_OBJC_MSGSEND = YES;
				ENABLE_TESTABILITY = YES;
				GCC_C_LANGUAGE_STANDARD = gnu11;
				GCC_DYNAMIC_NO_PIC = NO;
				GCC_NO_COMMON_BLOCKS = YES;
				GCC_OPTIMIZATION_LEVEL = 0;
				GCC_PREPROCESSOR_DEFINITIONS = (
					"DEBUG=1",
					"$(inherited)",
				);
				GCC_WARN_64_TO_32_BIT_CONVERSION = YES;
				GCC_WARN_ABOUT_RETURN_TYPE = YES_ERROR;
				GCC_WARN_UNDECLARED_SELECTOR = YES;
				GCC_WARN_UNINITIALIZED_AUTOS = YES_AGGRESSIVE;
				GCC_WARN_UNUSED_FUNCTION = YES;
				GCC_WARN_UNUSED_VARIABLE = YES;
				IPHONEOS_DEPLOYMENT_TARGET = 14.5;
				MTL_ENABLE_DEBUG_INFO = INCLUDE_SOURCE;
				MTL_FAST_MATH = YES;
				ONLY_ACTIVE_ARCH = YES;
				SDKROOT = iphoneos;
				SWIFT_ACTIVE_COMPILATION_CONDITIONS = DEBUG;
				SWIFT_OPTIMIZATION_LEVEL = "-Onone";
			};
			name = Debug;
		};
		77E0E7012A867360006C7032 /* Release */ = {
			isa = XCBuildConfiguration;
			buildSettings = {
				ALWAYS_SEARCH_USER_PATHS = NO;
				CLANG_ANALYZER_NONNULL = YES;
				CLANG_ANALYZER_NUMBER_OBJECT_CONVERSION = YES_AGGRESSIVE;
				CLANG_CXX_LANGUAGE_STANDARD = "gnu++14";
				CLANG_CXX_LIBRARY = "libc++";
				CLANG_ENABLE_MODULES = YES;
				CLANG_ENABLE_OBJC_ARC = YES;
				CLANG_ENABLE_OBJC_WEAK = YES;
				CLANG_WARN_BLOCK_CAPTURE_AUTORELEASING = YES;
				CLANG_WARN_BOOL_CONVERSION = YES;
				CLANG_WARN_COMMA = YES;
				CLANG_WARN_CONSTANT_CONVERSION = YES;
				CLANG_WARN_DEPRECATED_OBJC_IMPLEMENTATIONS = YES;
				CLANG_WARN_DIRECT_OBJC_ISA_USAGE = YES_ERROR;
				CLANG_WARN_DOCUMENTATION_COMMENTS = YES;
				CLANG_WARN_EMPTY_BODY = YES;
				CLANG_WARN_ENUM_CONVERSION = YES;
				CLANG_WARN_INFINITE_RECURSION = YES;
				CLANG_WARN_INT_CONVERSION = YES;
				CLANG_WARN_NON_LITERAL_NULL_CONVERSION = YES;
				CLANG_WARN_OBJC_IMPLICIT_RETAIN_SELF = YES;
				CLANG_WARN_OBJC_LITERAL_CONVERSION = YES;
				CLANG_WARN_OBJC_ROOT_CLASS = YES_ERROR;
				CLANG_WARN_QUOTED_INCLUDE_IN_FRAMEWORK_HEADER = YES;
				CLANG_WARN_RANGE_LOOP_ANALYSIS = YES;
				CLANG_WARN_STRICT_PROTOTYPES = YES;
				CLANG_WARN_SUSPICIOUS_MOVE = YES;
				CLANG_WARN_UNGUARDED_AVAILABILITY = YES_AGGRESSIVE;
				CLANG_WARN_UNREACHABLE_CODE = YES;
				CLANG_WARN__DUPLICATE_METHOD_MATCH = YES;
				COPY_PHASE_STRIP = NO;
				DEBUG_INFORMATION_FORMAT = "dwarf-with-dsym";
				ENABLE_NS_ASSERTIONS = NO;
				ENABLE_STRICT_OBJC_MSGSEND = YES;
				GCC_C_LANGUAGE_STANDARD = gnu11;
				GCC_NO_COMMON_BLOCKS = YES;
				GCC_WARN_64_TO_32_BIT_CONVERSION = YES;
				GCC_WARN_ABOUT_RETURN_TYPE = YES_ERROR;
				GCC_WARN_UNDECLARED_SELECTOR = YES;
				GCC_WARN_UNINITIALIZED_AUTOS = YES_AGGRESSIVE;
				GCC_WARN_UNUSED_FUNCTION = YES;
				GCC_WARN_UNUSED_VARIABLE = YES;
				IPHONEOS_DEPLOYMENT_TARGET = 14.5;
				MTL_ENABLE_DEBUG_INFO = NO;
				MTL_FAST_MATH = YES;
				SDKROOT = iphoneos;
				SWIFT_COMPILATION_MODE = wholemodule;
				SWIFT_OPTIMIZATION_LEVEL = "-O";
				VALIDATE_PRODUCT = YES;
			};
			name = Release;
		};
		77E0E7032A867360006C7032 /* Debug */ = {
			isa = XCBuildConfiguration;
			buildSettings = {
				ASSETCATALOG_COMPILER_APPICON_NAME = AppIcon;
				ASSETCATALOG_COMPILER_GLOBAL_ACCENT_COLOR_NAME = AccentColor;
				CODE_SIGN_STYLE = Automatic;
				INFOPLIST_FILE = Projekti_Mobile_2023/Info.plist;
				LD_RUNPATH_SEARCH_PATHS = (
					"$(inherited)",
					"@executable_path/Frameworks",
				);
				PRODUCT_BUNDLE_IDENTIFIER = "com.shqiperon.Projekti-Mobile-2023";
				PRODUCT_NAME = "$(TARGET_NAME)";
				SWIFT_VERSION = 5.0;
				TARGETED_DEVICE_FAMILY = "1,2";
			};
			name = Debug;
		};
		77E0E7042A867360006C7032 /* Release */ = {
			isa = XCBuildConfiguration;
			buildSettings = {
				ASSETCATALOG_COMPILER_APPICON_NAME = AppIcon;
				ASSETCATALOG_COMPILER_GLOBAL_ACCENT_COLOR_NAME = AccentColor;
				CODE_SIGN_STYLE = Automatic;
				INFOPLIST_FILE = Projekti_Mobile_2023/Info.plist;
				LD_RUNPATH_SEARCH_PATHS = (
					"$(inherited)",
					"@executable_path/Frameworks",
				);
				PRODUCT_BUNDLE_IDENTIFIER = "com.shqiperon.Projekti-Mobile-2023";
				PRODUCT_NAME = "$(TARGET_NAME)";
				SWIFT_VERSION = 5.0;
				TARGETED_DEVICE_FAMILY = "1,2";
			};
			name = Release;
		};
/* End XCBuildConfiguration section */

/* Begin XCConfigurationList section */
		77E0E6E62A86735D006C7032 /* Build configuration list for PBXProject "Projekti_Mobile_2023" */ = {
			isa = XCConfigurationList;
			buildConfigurations = (
				77E0E7002A867360006C7032 /* Debug */,
				77E0E7012A867360006C7032 /* Release */,
			);
			defaultConfigurationIsVisible = 0;
			defaultConfigurationName = Release;
		};
		77E0E7022A867360006C7032 /* Build configuration list for PBXNativeTarget "Projekti_Mobile_2023" */ = {
			isa = XCConfigurationList;
			buildConfigurations = (
				77E0E7032A867360006C7032 /* Debug */,
				77E0E7042A867360006C7032 /* Release */,
			);
			defaultConfigurationIsVisible = 0;
			defaultConfigurationName = Release;
		};
/* End XCConfigurationList section */

/* Begin XCVersionGroup section */
		77E0E6F72A86735D006C7032 /* Projekti_Mobile_2023.xcdatamodeld */ = {
			isa = XCVersionGroup;
			children = (
				77E0E6F82A86735D006C7032 /* Projekti_Mobile_2023.xcdatamodel */,
			);
			currentVersion = 77E0E6F82A86735D006C7032 /* Projekti_Mobile_2023.xcdatamodel */;
			path = Projekti_Mobile_2023.xcdatamodeld;
			sourceTree = "<group>";
			versionGroupType = wrapper.xcdatamodel;
		};
/* End XCVersionGroup section */
	};
	rootObject = 77E0E6E32A86735D006C7032 /* Project object */;
}
